
Microsoft Visual Studio Solution File, Format Version 12.00
# Visual Studio Version 16
VisualStudioVersion = 16.0.29424.173
MinimumVisualStudioVersion = 10.0.40219.1
Project("{FAE04EC0-301F-11D3-BF4B-00C04F79EFBC}") = "ApiGateway_NetFlix", "ApiGateway_NetFlix\ApiGateway_NetFlix.csproj", "{CDED5412-640C-48CC-A1BD-672C443FE784}"
EndProject
Global
	GlobalSection(SolutionConfigurationPlatforms) = preSolution
		Debug|Any CPU = Debug|Any CPU
		Release|Any CPU = Release|Any CPU
	EndGlobalSection
	GlobalSection(ProjectConfigurationPlatforms) = postSolution
		{CDED5412-640C-48CC-A1BD-672C443FE784}.Debug|Any CPU.ActiveCfg = Debug|Any CPU
		{CDED5412-640C-48CC-A1BD-672C443FE784}.Debug|Any CPU.Build.0 = Debug|Any CPU
		{CDED5412-640C-48CC-A1BD-672C443FE784}.Release|Any CPU.ActiveCfg = Release|Any CPU
		{CDED5412-640C-48CC-A1BD-672C443FE784}.Release|Any CPU.Build.0 = Release|Any CPU
	EndGlobalSection
	GlobalSection(SolutionProperties) = preSolution
		HideSolutionNode = FALSE
	EndGlobalSection
	GlobalSection(ExtensibilityGlobals) = postSolution
		SolutionGuid = {DE9F2EA0-3778-44AD-8AC1-7E16D7C3D721}
	EndGlobalSection
EndGlobal
